
Microsoft Visual Studio Solution File, Format Version 12.00
# Visual Studio Version 17
VisualStudioVersion = 17.5.33516.290
MinimumVisualStudioVersion = 10.0.40219.1
Project("{FAE04EC0-301F-11D3-BF4B-00C04F79EFBC}") = "WebApiBritanico", "WebApiBritanico\WebApiBritanico.csproj", "{0245BC7B-58AE-442F-9CA9-E86B6F57B699}"
EndProject
Global
	GlobalSection(SolutionConfigurationPlatforms) = preSolution
		Debug|Any CPU = Debug|Any CPU
		Release|Any CPU = Release|Any CPU
	EndGlobalSection
	GlobalSection(ProjectConfigurationPlatforms) = postSolution
		{0245BC7B-58AE-442F-9CA9-E86B6F57B699}.Debug|Any CPU.ActiveCfg = Debug|Any CPU
		{0245BC7B-58AE-442F-9CA9-E86B6F57B699}.Debug|Any CPU.Build.0 = Debug|Any CPU
		{0245BC7B-58AE-442F-9CA9-E86B6F57B699}.Release|Any CPU.ActiveCfg = Release|Any CPU
		{0245BC7B-58AE-442F-9CA9-E86B6F57B699}.Release|Any CPU.Build.0 = Release|Any CPU
	EndGlobalSection
	GlobalSection(SolutionProperties) = preSolution
		HideSolutionNode = FALSE
	EndGlobalSection
	GlobalSection(ExtensibilityGlobals) = postSolution
		SolutionGuid = {DCFA274B-10C5-48AA-96D1-EDE84DAAEF7F}
	EndGlobalSection
EndGlobal
